lockfile_version: '1'
generated_at: '2026-08-14T23:35:38.742702+00:00'
dependencies: []
deployments:
- kind: project-relative
  target: agents
  value: .agents/skills/crow-architecture-review
  runtime: null
  scope: project
  owners:
  - .
  active_owner: .
  content_hash: null
- kind: project-relative
  target: agents
  value: .agents/skills/crow-architecture-review/SKILL.md
  runtime: null
  scope: project
  owners:
  - .
  active_owner: .
  content_hash: sha256:1efd32c648f3a1bec282ef74e0ea4e385cfd7545072970e6c467d432da8784f6
- kind: project-relative
  target: agents
  value: .agents/skills/crow-architecture-review/architecture-template.md
  runtime: null
  scope: project
  owners:
  - .
  active_owner: .
  content_hash: sha256:c7219ca0a84dfd3eecbb78c478dc37d956e4dcb29896176406d798362aeb04e0
- kind: project-relative
  target: agents
  value: .agents/skills/crow-executive-report
  runtime: null
  scope: project
  owners:
  - .
  active_owner: .
  content_hash: null
- kind: project-relative
  target: agents
  value: .agents/skills/crow-executive-report/SKILL.md
  runtime: null
  scope: project
  owners:
  - .
  active_owner: .
  content_hash: sha256:7e597916c0d4f50de1b41db603186d2009f6559bbcd9d025d1a519da52904b11
- kind: project-relative
  target: agents
  value: .agents/skills/crow-executive-report/executive-report-template.md
  runtime: null
  scope: project
  owners:
  - .
  active_owner: .
  content_hash: sha256:e33033bea0ed62b84d08642f57baf5d8e9188ec08ba53ce9644f619db5eb4029
- kind: project-relative
  target: agents
  value: .agents/skills/crow-executive-report/executive-report.html
  runtime: null
  scope: project
  owners:
  - .
  active_owner: .
  content_hash: sha256:e1de010ba7f782008e76c5b91e5a4ef9b51a6a428c8ebcf42cc9e5744f3e9969
- kind: project-relative
  target: agents
  value: .agents/skills/crow-executive-report/executive-report.min.css
  runtime: null
  scope: project
  owners:
  - .
  active_owner: .
  content_hash: sha256:e609c659f4205daec5383b0319cc32c8ef13f948ea4a2fb765c8203d3b5dec63
- kind: project-relative
  target: agents
  value: .agents/skills/crow-executive-report/render-report.ps1
  runtime: null
  scope: project
  owners:
  - .
  active_owner: .
  content_hash: sha256:54c7e80ed55055c84eabf5a3a3e05da2f3843eaa020136b5ef692cba1ded3879
- kind: project-relative
  target: agents
  value: .agents/skills/crow-executive-report/report-data.schema.json
  runtime: null
  scope: project
  owners:
  - .
  active_owner: .
  content_hash: sha256:3ee155859d7e43ffc9d54aadd481b77f6eb4a7e7d475dceaf4d1c591cfebb342
- kind: project-relative
  target: agents
  value: .agents/skills/crow-security-review
  runtime: null
  scope: project
  owners:
  - .
  active_owner: .
  content_hash: null
- kind: project-relative
  target: agents
  value: .agents/skills/crow-security-review/SKILL.md
  runtime: null
  scope: project
  owners:
  - .
  active_owner: .
  content_hash: sha256:48d3f116b66815d64e8f7c8f681420c754f94ff640bbf6fac13d0307ecc590de
- kind: project-relative
  target: agents
  value: .agents/skills/crow-security-review/modules/api-and-session-security.md
  runtime: null
  scope: project
  owners:
  - .
  active_owner: .
  content_hash: sha256:8d16197a8b671e4b4ae9c2bdc0bbb2d58908cb704fd250c380f5a2e8dde91afc
- kind: project-relative
  target: agents
  value: .agents/skills/crow-security-review/modules/auth-and-access-control.md
  runtime: null
  scope: project
  owners:
  - .
  active_owner: .
  content_hash: sha256:5c9032bd8a6f71abba0ec1fc2c9c704e7f2598ca42043242ad8a07a756d9947f
- kind: project-relative
  target: agents
  value: .agents/skills/crow-security-review/modules/crypto-and-transport.md
  runtime: null
  scope: project
  owners:
  - .
  active_owner: .
  content_hash: sha256:476f162560f2285f7b2eaa886ac989362035236543d9b5a508cfcb972edbcf7a
- kind: project-relative
  target: agents
  value: .agents/skills/crow-security-review/modules/data-flow-sinks.md
  runtime: null
  scope: project
  owners:
  - .
  active_owner: .
  content_hash: sha256:619b55b9c8e0e1ea2ee20d72b48c227af5b80d4dce228f8eae5a02aae45334f6
- kind: project-relative
  target: agents
  value: .agents/skills/crow-security-review/modules/deserialization-and-integrity.md
  runtime: null
  scope: project
  owners:
  - .
  active_owner: .
  content_hash: sha256:4f582581d42d829faefa3e6a72c73ffc690b8127a00f0cd831cad56cb9325d95
- kind: project-relative
  target: agents
  value: .agents/skills/crow-security-review/modules/framework-security-config.md
  runtime: null
  scope: project
  owners:
  - .
  active_owner: .
  content_hash: sha256:37af7f90971d75cb2b20ce255daa452c21232d17f4bb0fec6f693721ab76ad51
- kind: project-relative
  target: agents
  value: .agents/skills/crow-security-review/modules/frontend-spa-security.md
  runtime: null
  scope: project
  owners:
  - .
  active_owner: .
  content_hash: sha256:b33502434479b384d3c03adea4099a5973d09521a1d4a20be6960eb18fa3e5a8
- kind: project-relative
  target: agents
  value: .agents/skills/crow-security-review/modules/secrets-and-credentials.md
  runtime: null
  scope: project
  owners:
  - .
  active_owner: .
  content_hash: sha256:04c92f2faf9cc6604096649475a956a636c0a329136d3b9ec5972f36dad53cd7
- kind: project-relative
  target: agents
  value: .agents/skills/crow-security-review/security-review-template.md
  runtime: null
  scope: project
  owners:
  - .
  active_owner: .
  content_hash: sha256:222e49528f3f3b40b31015ba4d0117ead66409c030ad6b32635164d8f7b36925
- kind: project-relative
  target: agents
  value: .agents/skills/crow-sonar-scan
  runtime: null
  scope: project
  owners:
  - .
  active_owner: .
  content_hash: null
- kind: project-relative
  target: agents
  value: .agents/skills/crow-sonar-scan/README.md
  runtime: null
  scope: project
  owners:
  - .
  active_owner: .
  content_hash: sha256:16984f4c99945790caacc67deb725a1c13458e3bc0e93875d68902975a2c9189
- kind: project-relative
  target: agents
  value: .agents/skills/crow-sonar-scan/SKILL.md
  runtime: null
  scope: project
  owners:
  - .
  active_owner: .
  content_hash: sha256:61f91924831ae54df52a77f30b57a62f09eede45a327cbe6498f6f51cd9659bc
- kind: project-relative
  target: copilot
  value: .github/agents/crow-architecture-review.agent.md
  runtime: null
  scope: project
  owners:
  - .
  active_owner: .
  content_hash: sha256:18df1a7e94c5ac78bb9156caa52bf3df175051141e9dd6ba9a29cabe9a4f2653
- kind: project-relative
  target: copilot
  value: .github/agents/crow-executive-report.agent.md
  runtime: null
  scope: project
  owners:
  - .
  active_owner: .
  content_hash: sha256:40e06343ee89c83d0daca4e134bd4ffc6a4737698b7a8d96fb176554a496176b
- kind: project-relative
  target: copilot
  value: .github/agents/crow-security-remediation.agent.md
  runtime: null
  scope: project
  owners:
  - .
  active_owner: .
  content_hash: sha256:27211678ffcbeec1738f31f47266a56e2165c8f89bc6cd59c8a60a3b13ba0ec6
- kind: project-relative
  target: copilot
  value: .github/agents/crow-security-review.agent.md
  runtime: null
  scope: project
  owners:
  - .
  active_owner: .
  content_hash: sha256:f8aa04343dd9557f42809d151f9195bfd34638843e31ca68af55510821656ae0
- kind: project-relative
  target: copilot
  value: .github/hooks/bcgov-crow-crow-install-warning.json
  runtime: null
  scope: project
  owners:
  - .
  active_owner: .
  content_hash: sha256:5ecf8d58d16a9552d1eaeba2a9d82f23eb3166653b048019bdbec26649b00df1
local_deployed_files:
- .agents/skills/crow-architecture-review
- .agents/skills/crow-architecture-review/SKILL.md
- .agents/skills/crow-architecture-review/architecture-template.md
- .agents/skills/crow-executive-report
- .agents/skills/crow-executive-report/SKILL.md
- .agents/skills/crow-executive-report/executive-report-template.md
- .agents/skills/crow-executive-report/executive-report.html
- .agents/skills/crow-executive-report/executive-report.min.css
- .agents/skills/crow-executive-report/render-report.ps1
- .agents/skills/crow-executive-report/report-data.schema.json
- .agents/skills/crow-security-review
- .agents/skills/crow-security-review/SKILL.md
- .agents/skills/crow-security-review/modules/api-and-session-security.md
- .agents/skills/crow-security-review/modules/auth-and-access-control.md
- .agents/skills/crow-security-review/modules/crypto-and-transport.md
- .agents/skills/crow-security-review/modules/data-flow-sinks.md
- .agents/skills/crow-security-review/modules/deserialization-and-integrity.md
- .agents/skills/crow-security-review/modules/framework-security-config.md
- .agents/skills/crow-security-review/modules/frontend-spa-security.md
- .agents/skills/crow-security-review/modules/secrets-and-credentials.md
- .agents/skills/crow-security-review/security-review-template.md
- .agents/skills/crow-sonar-scan
- .agents/skills/crow-sonar-scan/README.md
- .agents/skills/crow-sonar-scan/SKILL.md
- .github/agents/crow-architecture-review.agent.md
- .github/agents/crow-executive-report.agent.md
- .github/agents/crow-security-remediation.agent.md
- .github/agents/crow-security-review.agent.md
- .github/hooks/bcgov-crow-crow-install-warning.json
local_deployed_file_hashes:
  .agents/skills/crow-architecture-review/SKILL.md: sha256:1efd32c648f3a1bec282ef74e0ea4e385cfd7545072970e6c467d432da8784f6
  .agents/skills/crow-architecture-review/architecture-template.md: sha256:c7219ca0a84dfd3eecbb78c478dc37d956e4dcb29896176406d798362aeb04e0
  .agents/skills/crow-executive-report/SKILL.md: sha256:7e597916c0d4f50de1b41db603186d2009f6559bbcd9d025d1a519da52904b11
  .agents/skills/crow-executive-report/executive-report-template.md: sha256:e33033bea0ed62b84d08642f57baf5d8e9188ec08ba53ce9644f619db5eb4029
  .agents/skills/crow-executive-report/executive-report.html: sha256:e1de010ba7f782008e76c5b91e5a4ef9b51a6a428c8ebcf42cc9e5744f3e9969
  .agents/skills/crow-executive-report/executive-report.min.css: sha256:e609c659f4205daec5383b0319cc32c8ef13f948ea4a2fb765c8203d3b5dec63
  .agents/skills/crow-executive-report/render-report.ps1: sha256:54c7e80ed55055c84eabf5a3a3e05da2f3843eaa020136b5ef692cba1ded3879
  .agents/skills/crow-executive-report/report-data.schema.json: sha256:3ee155859d7e43ffc9d54aadd481b77f6eb4a7e7d475dceaf4d1c591cfebb342
  .agents/skills/crow-security-review/SKILL.md: sha256:48d3f116b66815d64e8f7c8f681420c754f94ff640bbf6fac13d0307ecc590de
  .agents/skills/crow-security-review/modules/api-and-session-security.md: sha256:8d16197a8b671e4b4ae9c2bdc0bbb2d58908cb704fd250c380f5a2e8dde91afc
  .agents/skills/crow-security-review/modules/auth-and-access-control.md: sha256:5c9032bd8a6f71abba0ec1fc2c9c704e7f2598ca42043242ad8a07a756d9947f
  .agents/skills/crow-security-review/modules/crypto-and-transport.md: sha256:476f162560f2285f7b2eaa886ac989362035236543d9b5a508cfcb972edbcf7a
  .agents/skills/crow-security-review/modules/data-flow-sinks.md: sha256:619b55b9c8e0e1ea2ee20d72b48c227af5b80d4dce228f8eae5a02aae45334f6
  .agents/skills/crow-security-review/modules/deserialization-and-integrity.md: sha256:4f582581d42d829faefa3e6a72c73ffc690b8127a00f0cd831cad56cb9325d95
  .agents/skills/crow-security-review/modules/framework-security-config.md: sha256:37af7f90971d75cb2b20ce255daa452c21232d17f4bb0fec6f693721ab76ad51
  .agents/skills/crow-security-review/modules/frontend-spa-security.md: sha256:b33502434479b384d3c03adea4099a5973d09521a1d4a20be6960eb18fa3e5a8
  .agents/skills/crow-security-review/modules/secrets-and-credentials.md: sha256:04c92f2faf9cc6604096649475a956a636c0a329136d3b9ec5972f36dad53cd7
  .agents/skills/crow-security-review/security-review-template.md: sha256:222e49528f3f3b40b31015ba4d0117ead66409c030ad6b32635164d8f7b36925
  .agents/skills/crow-sonar-scan/README.md: sha256:16984f4c99945790caacc67deb725a1c13458e3bc0e93875d68902975a2c9189
  .agents/skills/crow-sonar-scan/SKILL.md: sha256:61f91924831ae54df52a77f30b57a62f09eede45a327cbe6498f6f51cd9659bc
  .github/agents/crow-architecture-review.agent.md: sha256:18df1a7e94c5ac78bb9156caa52bf3df175051141e9dd6ba9a29cabe9a4f2653
  .github/agents/crow-executive-report.agent.md: sha256:40e06343ee89c83d0daca4e134bd4ffc6a4737698b7a8d96fb176554a496176b
  .github/agents/crow-security-remediation.agent.md: sha256:27211678ffcbeec1738f31f47266a56e2165c8f89bc6cd59c8a60a3b13ba0ec6
  .github/agents/crow-security-review.agent.md: sha256:f8aa04343dd9557f42809d151f9195bfd34638843e31ca68af55510821656ae0
  .github/hooks/bcgov-crow-crow-install-warning.json: sha256:5ecf8d58d16a9552d1eaeba2a9d82f23eb3166653b048019bdbec26649b00df1
